{
    "_readme": [
        "This file locks the dependencies of your project to a known state",
        "Read more about it at https://getcomposer.org/doc/01-basic-usage.md#composer-lock-the-lock-file",
        "This file is @generated automatically"
    ],
    "hash": "8234b48353d28ce07b16fe2aa6c31cfd",
    "content-hash": "7927a3d25e34f83dddc430846705fd8c",
    "packages": [
        {
            "name": "aoepeople/aoe_scheduler",
            "version": "v1.5.0",
            "source": {
                "type": "git",
                "url": "https://github.com/AOEpeople/Aoe_Scheduler.git",
                "reference": "6fb8bf1524145fe5b6775305932e1dd0d7d5f6c5"
            },
            "dist": {
                "type": "zip",
                "url": "https://api.github.com/repos/AOEpeople/Aoe_Scheduler/zipball/6fb8bf1524145fe5b6775305932e1dd0d7d5f6c5",
                "reference": "6fb8bf1524145fe5b6775305932e1dd0d7d5f6c5",
                "shasum": ""
            },
            "require": {
                "magento-hackathon/magento-composer-installer": "*",
                "php": ">=5.3"
            },
            "replace": {
                "fbrnc/aoe_scheduler": "*"
            },
            "type": "magento-module",
            "license": [
                "GPL-3.0"
            ],
            "authors": [
                {
                    "name": "Fabrizio Branca",
                    "email": "firstname.lastname@aoe.com",
                    "role": "Author/Maintainer"
                },
                {
                    "name": "Lee Saferite",
                    "email": "lee.saferite@aoe.com",
                    "role": "Contributor/Maintainer"
                }
            ],
            "description": "Magento Cron Scheduler",
            "homepage": "https://github.com/AOEpeople/Aoe_Scheduler",
            "support": {
                "source": "https://github.com/AOEpeople/Aoe_Scheduler/tree/v1.5.0",
                "issues": "https://github.com/AOEpeople/Aoe_Scheduler/issues"
            },
            "time": "2016-06-15 04:46:40"
        },
        {
            "name": "avstudnitz/missing-translations",
            "version": "0.1.0",
            "source": {
                "type": "git",
                "url": "https://github.com/avstudnitz/AvS_MissingTranslations.git",
                "reference": "179905b6a8a92d7690663c67cc804bd3822c602c"
            },
            "dist": {
                "type": "zip",
                "url": "https://api.github.com/repos/avstudnitz/AvS_MissingTranslations/zipball/179905b6a8a92d7690663c67cc804bd3822c602c",
                "reference": "179905b6a8a92d7690663c67cc804bd3822c602c",
                "shasum": ""
            },
            "suggest": {
                "magento-hackathon/magento-composer-installer": "*"
            },
            "type": "magento-module",
            "description": "Logs translations which are not included in any csv file nor in the database and writes them to csv format",
            "homepage": "https://github.com/avstudnitz/AvS_MissingTranslations",
            "support": {
                "source": "https://github.com/avstudnitz/AvS_MissingTranslations/tree/0.1.0",
                "issues": "https://github.com/avstudnitz/AvS_MissingTranslations/issues"
            },
            "time": "2016-03-09 13:26:44"
        },
        {
            "name": "avstudnitz/scopehint",
            "version": "0.6.0",
            "source": {
                "type": "git",
                "url": "https://github.com/avstudnitz/AvS_ScopeHint.git",
                "reference": "3e03924e59be89eddaff7be38cf2adb15cf1e24c"
            },
            "dist": {
                "type": "zip",
                "url": "https://api.github.com/repos/avstudnitz/AvS_ScopeHint/zipball/3e03924e59be89eddaff7be38cf2adb15cf1e24c",
                "reference": "3e03924e59be89eddaff7be38cf2adb15cf1e24c",
                "shasum": ""
            },
            "require": {
                "magento-hackathon/magento-composer-installer": "*"
            },
            "type": "magento-module",
            "description": "Creates a warning if a configuration setting, product data or category data is overwritten on a lower level (website or store view)",
            "homepage": "https://github.com/avstudnitz/AvS_ScopeHint",
            "support": {
                "source": "https://github.com/avstudnitz/AvS_ScopeHint/tree/0.6.0",
                "issues": "https://github.com/avstudnitz/AvS_ScopeHint/issues"
            },
            "time": "2015-03-31 19:50:11"
        },
        {
            "name": "aydin-hassan/magento-core-composer-installer",
            "version": "1.3.0",
            "source": {
                "type": "git",
                "url": "https://github.com/AydinHassan/magento-core-composer-installer.git",
                "reference": "0c75cefa55595154a03a9c25f69a7a2fc1319be7"
            },
            "dist": {
                "type": "zip",
                "url": "https://api.github.com/repos/AydinHassan/magento-core-composer-installer/zipball/0c75cefa55595154a03a9c25f69a7a2fc1319be7",
                "reference": "0c75cefa55595154a03a9c25f69a7a2fc1319be7",
                "shasum": ""
            },
            "require": {
                "composer-plugin-api": "~1.0"
            },
            "require-dev": {
                "composer/composer": "~1.0@dev",
                "mikey179/vfsstream": "~1.4",
                "phpunit/phpunit": "~4.3",
                "squizlabs/php_codesniffer": "~1.5"
            },
            "type": "composer-plugin",
            "extra": {
                "class": "\\AydinHassan\\MagentoCoreComposerInstaller\\CoreManager"
            },
            "autoload": {
                "psr-4": {
                    "AydinHassan\\MagentoCoreComposerInstaller\\": "src/"
                }
            },
            "notification-url": "https://packagist.org/downloads/",
            "license": [
                "MIT"
            ],
            "authors": [
                {
                    "name": "Aydin Hassan",
                    "email": "aydin@hotmail.co.uk"
                }
            ],
            "description": "A composer plugin for managing Magento Core",
            "time": "2015-09-07 22:38:45"
        },
        {
            "name": "eloquent/composer-config-reader",
            "version": "2.0.1",
            "source": {
                "type": "git",
                "url": "https://github.com/eloquent/composer-config-reader.git",
                "reference": "f6e72fc8a241e98e0e54657ba02df1df4f678292"
            },
            "dist": {
                "type": "zip",
                "url": "https://api.github.com/repos/eloquent/composer-config-reader/zipball/f6e72fc8a241e98e0e54657ba02df1df4f678292",
                "reference": "f6e72fc8a241e98e0e54657ba02df1df4f678292",
                "shasum": ""
            },
            "require": {
                "eloquent/enumeration": "^5",
                "icecave/isolator": "^3",
                "justinrainbow/json-schema": "^2",
                "php": ">=5.3"
            },
            "require-dev": {
                "eloquent/liberator": "^2",
                "friendsofphp/php-cs-fixer": "^1",
                "phake/phake": "^2",
                "phpunit/phpunit": "^4"
            },
            "type": "library",
            "autoload": {
                "psr-4": {
                    "Eloquent\\Composer\\Configuration\\": "src"
                }
            },
            "notification-url": "https://packagist.org/downloads/",
            "license": [
                "MIT"
            ],
            "authors": [
                {
                    "name": "Erin Millard",
                    "email": "ezzatron@gmail.com",
                    "homepage": "http://ezzatron.com/"
                }
            ],
            "description": "A light-weight component for reading Composer configuration files.",
            "homepage": "https://github.com/eloquent/composer-config-reader",
            "keywords": [
                "composer",
                "configuration",
                "parser",
                "reader"
            ],
            "time": "2016-06-23 07:33:20"
        },
        {
            "name": "eloquent/enumeration",
            "version": "5.1.1",
            "source": {
                "type": "git",
                "url": "https://github.com/eloquent/enumeration.git",
                "reference": "0242859435d9b135939816858348556d3cde9e3c"
            },
            "dist": {
                "type": "zip",
                "url": "https://api.github.com/repos/eloquent/enumeration/zipball/0242859435d9b135939816858348556d3cde9e3c",
                "reference": "0242859435d9b135939816858348556d3cde9e3c",
                "shasum": ""
            },
            "require": {
                "php": ">=5.3"
            },
            "require-dev": {
                "icecave/archer": "dev-develop",
                "phpunit/phpunit": "^4",
                "sami/sami": "^3"
            },
            "type": "library",
            "autoload": {
                "psr-4": {
                    "Eloquent\\Enumeration\\": "src"
                }
            },
            "notification-url": "https://packagist.org/downloads/",
            "license": [
                "MIT"
            ],
            "authors": [
                {
                    "name": "Erin Millard",
                    "email": "ezzatron@gmail.com",
                    "homepage": "http://ezzatron.com/"
                }
            ],
            "description": "An enumeration implementation for PHP.",
            "homepage": "https://github.com/eloquent/enumeration",
            "keywords": [
                "class",
                "enum",
                "enumeration",
                "multiton",
                "set",
                "type"
            ],
            "time": "2015-11-03 22:21:38"
        },
        {
            "name": "fbrnc/aoe_managestores",
            "version": "v0.2.1",
            "source": {
                "type": "git",
                "url": "https://github.com/fbrnc/Aoe_ManageStores.git",
                "reference": "ef4bd3917943975a28ff56b0d52e616783975fa2"
            },
            "dist": {
                "type": "zip",
                "url": "https://api.github.com/repos/fbrnc/Aoe_ManageStores/zipball/ef4bd3917943975a28ff56b0d52e616783975fa2",
                "reference": "ef4bd3917943975a28ff56b0d52e616783975fa2",
                "shasum": ""
            },
            "require": {
                "magento-hackathon/magento-composer-installer": "*"
            },
            "type": "magento-module",
            "license": [
                "OSL-3.0"
            ],
            "authors": [
                {
                    "name": "Fabrizio Branca",
                    "email": "mail@{firstname}-{lastname}.de"
                }
            ],
            "description": "Better stores management interface for Magento.",
            "homepage": "https://github.com/fbrnc/Aoe_ManageStores",
            "support": {
                "source": "https://github.com/fbrnc/Aoe_ManageStores/tree/v0.2.1",
                "issues": "https://github.com/fbrnc/Aoe_ManageStores/issues"
            },
            "time": "2013-03-09 06:03:05"
        },
        {
            "name": "firegento/adminmonitoring",
            "version": "1.2.2",
            "source": {
                "type": "git",
                "url": "https://github.com/firegento/firegento-adminmonitoring.git",
                "reference": "7833bebfc6519ff67516e282b7769d9cd4238b11"
            },
            "dist": {
                "type": "zip",
                "url": "https://api.github.com/repos/firegento/firegento-adminmonitoring/zipball/7833bebfc6519ff67516e282b7769d9cd4238b11",
                "reference": "7833bebfc6519ff67516e282b7769d9cd4238b11",
                "shasum": ""
            },
            "require": {
                "magento-hackathon/magento-composer-installer": "*"
            },
            "require-dev": {
                "ecomdev/mage-ci": "master-dev"
            },
            "type": "magento-module",
            "extra": {
                "magento-root-dir": "test/"
            },
            "license": [
                "GPL-3.0"
            ],
            "description": "The admin monitoring logs nearly every save and delete call in the backend. The is to generate an overview of the changes in the backend to know who changed certain things.",
            "support": {
                "source": "https://github.com/firegento/firegento-adminmonitoring/tree/1.2.2",
                "issues": "https://github.com/firegento/firegento-adminmonitoring/issues"
            },
            "time": "2015-08-10 17:11:03"
        },
        {
            "name": "firegento/logger",
            "version": "1.5.0",
            "source": {
                "type": "git",
                "url": "https://github.com/firegento/firegento-logger.git",
                "reference": "a353d47eae6c3d7729525e7dca9d93303505ead9"
            },
            "dist": {
                "type": "zip",
                "url": "https://api.github.com/repos/firegento/firegento-logger/zipball/a353d47eae6c3d7729525e7dca9d93303505ead9",
                "reference": "a353d47eae6c3d7729525e7dca9d93303505ead9",
                "shasum": ""
            },
            "suggest": {
                "magento-hackathon/magento-composer-installer": "Allows to manage this package as a dependency"
            },
            "type": "magento-module",
            "license": [
                "GPL-3.0"
            ],
            "description": "FireGento Logger is an advanced alternative to log messages and errors to multiple targets.",
            "homepage": "https://github.com/firegento/firegento-logger",
            "support": {
                "source": "https://github.com/firegento/firegento-logger/tree/1.5.0",
                "issues": "https://github.com/firegento/firegento-logger/issues"
            },
            "time": "2016-02-17 13:49:50"
        },
        {
            "name": "firegento/magento",
            "version": "v1.9.2.4-patch3",
            "source": {
                "type": "git",
                "url": "https://github.com/firegento/magento.git",
                "reference": "744e69f5d8bc02979ab4616047b13f8b2bfd4a44"
            },
            "dist": {
                "type": "zip",
                "url": "https://api.github.com/repos/firegento/magento/zipball/744e69f5d8bc02979ab4616047b13f8b2bfd4a44",
                "reference": "744e69f5d8bc02979ab4616047b13f8b2bfd4a44",
                "shasum": ""
            },
            "type": "magento-core",
            "license": [
                "OSL-3.0",
                "AFL-3.0"
            ],
            "description": "Magento CE",
            "support": {
                "source": "https://github.com/firegento/magento/tree/v1.9.2.4-patch3",
                "issues": "https://github.com/firegento/magento/issues"
            },
            "time": "2016-10-17 14:46:16"
        },
        {
            "name": "icecave/isolator",
            "version": "3.0.3",
            "source": {
                "type": "git",
                "url": "https://github.com/IcecaveStudios/isolator.git",
                "reference": "8fad9e64c393238b01b359e01bd7f25dcdb818e4"
            },
            "dist": {
                "type": "zip",
                "url": "https://api.github.com/repos/IcecaveStudios/isolator/zipball/8fad9e64c393238b01b359e01bd7f25dcdb818e4",
                "reference": "8fad9e64c393238b01b359e01bd7f25dcdb818e4",
                "shasum": ""
            },
            "require": {
                "php": ">=5.3"
            },
            "require-dev": {
                "icecave/archer": "~1"
            },
            "type": "library",
            "extra": {
                "branch-alias": {
                    "dev-develop": "3.0.x-dev"
                }
            },
            "autoload": {
                "psr-4": {
                    "Icecave\\Isolator\\": "src"
                },
                "files": [
                    "src/register-autoloader.php"
                ]
            },
            "notification-url": "https://packagist.org/downloads/",
            "license": [
                "MIT"
            ],
            "authors": [
                {
                    "name": "James Harris",
                    "email": "james.harris@icecave.com.au",
                    "homepage": "https://github.com/jmalloc"
                }
            ],
            "description": "Dependency injection for global functions.",
            "homepage": "https://github.com/IcecaveStudios/isolator",
            "keywords": [
                "Double",
                "fake",
                "mock",
                "phpunit",
                "stub",
                "test",
                "unit"
            ],
            "time": "2015-03-27 05:04:19"
        },
        {
            "name": "inchoo/php7",
            "version": "2.0.0",
            "source": {
                "type": "git",
                "url": "https://github.com/Inchoo/Inchoo_PHP7.git",
                "reference": "5ce61485afc2f4559c05fb57116a418555d1ef6a"
            },
            "dist": {
                "type": "zip",
                "url": "https://api.github.com/repos/Inchoo/Inchoo_PHP7/zipball/5ce61485afc2f4559c05fb57116a418555d1ef6a",
                "reference": "5ce61485afc2f4559c05fb57116a418555d1ef6a",
                "shasum": ""
            },
            "require": {
                "magento-hackathon/magento-composer-installer": "*"
            },
            "type": "magento-module",
            "license": [
                "MIT"
            ],
            "authors": [
                {
                    "name": "Ivan Čurdinjaković"
                }
            ],
            "description": "PHP 7 compatibility extension for Magento 1 by Inchoo",
            "support": {
                "source": "https://github.com/Inchoo/Inchoo_PHP7/tree/2.0.0",
                "issues": "https://github.com/Inchoo/Inchoo_PHP7/issues"
            },
            "time": "2016-10-18 10:53:54"
        },
        {
            "name": "justinrainbow/json-schema",
            "version": "2.0.5",
            "source": {
                "type": "git",
                "url": "https://github.com/justinrainbow/json-schema.git",
                "reference": "6b2a33e6a768f96bdc2ead5600af0822eed17d67"
            },
            "dist": {
                "type": "zip",
                "url": "https://api.github.com/repos/justinrainbow/json-schema/zipball/6b2a33e6a768f96bdc2ead5600af0822eed17d67",
                "reference": "6b2a33e6a768f96bdc2ead5600af0822eed17d67",
                "shasum": ""
            },
            "require": {
                "php": ">=5.3.3"
            },
            "require-dev": {
                "json-schema/json-schema-test-suite": "1.2.0",
                "phpdocumentor/phpdocumentor": "~2",
                "phpunit/phpunit": "^4.8.22"
            },
            "bin": [
                "bin/validate-json"
            ],
            "type": "library",
            "extra": {
                "branch-alias": {
                    "dev-master": "2.0.x-dev"
                }
            },
            "autoload": {
                "psr-4": {
                    "JsonSchema\\": "src/JsonSchema/"
                }
            },
            "notification-url": "https://packagist.org/downloads/",
            "license": [
                "MIT"
            ],
            "authors": [
                {
                    "name": "Bruno Prieto Reis",
                    "email": "bruno.p.reis@gmail.com"
                },
                {
                    "name": "Justin Rainbow",
                    "email": "justin.rainbow@gmail.com"
                },
                {
                    "name": "Igor Wiedler",
                    "email": "igor@wiedler.ch"
                },
                {
                    "name": "Robert Schönthal",
                    "email": "seroscho@googlemail.com"
                }
            ],
            "description": "A library to validate a json schema.",
            "homepage": "https://github.com/justinrainbow/json-schema",
            "keywords": [
                "json",
                "schema"
            ],
            "time": "2016-06-02 10:59:52"
        },
        {
            "name": "magento-hackathon/magento-composer-installer",
            "version": "3.0.7",
            "source": {
                "type": "git",
                "url": "https://github.com/Cotya/magento-composer-installer.git",
                "reference": "a98dbae53a51ccfc22b0fb8bedce2422f1691c36"
            },
            "dist": {
                "type": "zip",
                "url": "https://api.github.com/repos/Cotya/magento-composer-installer/zipball/a98dbae53a51ccfc22b0fb8bedce2422f1691c36",
                "reference": "a98dbae53a51ccfc22b0fb8bedce2422f1691c36",
                "shasum": ""
            },
            "archive": {
                "exclude": [
                    "vendor",
                    "/tests/FullStackTest/"
                ]
            },
            "require": {
                "composer-plugin-api": "~1.0",
                "eloquent/composer-config-reader": "2.*",
                "php": ">=5.5",
                "symfony/console": "^2.5|^3.0"
            },
            "require-dev": {
                "composer/composer": "1.0.*",
                "cotya/composer-test-framework": "dev-master",
                "mikey179/vfsstream": "~1.4",
                "phpunit/phpunit": "~4.3",
                "phpunit/phpunit-mock-objects": "~2.3",
                "squizlabs/php_codesniffer": "~2.1",
                "symfony/process": "~2.5"
            },
            "suggest": {
                "colinmollenhour/modman": "*",
                "theseer/autoload": "~1.14"
            },
            "bin": [
                "bin/magento-composer-installer.php"
            ],
            "type": "composer-plugin",
            "extra": {
                "class": "MagentoHackathon\\Composer\\Magento\\Plugin"
            },
            "autoload": {
                "psr-0": {
                    "MagentoHackathon\\Composer": "src/"
                }
            },
            "autoload-dev": {
                "psr-0": {
                    "MagentoHackathon\\Composer\\Magento": "tests/"
                }
            },
            "license": [
                "OSL-3.0"
            ],
            "authors": [
                {
                    "name": "Daniel Fahlke aka Flyingmana",
                    "email": "flyingmana@googlemail.com"
                },
                {
                    "name": "Jörg Weller",
                    "email": "weller@flagbit.de"
                },
                {
                    "name": "Karl Spies",
                    "email": "karl.spies@gmx.net"
                },
                {
                    "name": "Tobias Vogt",
                    "email": "tobi@webguys.de"
                },
                {
                    "name": "David Fuhr",
                    "email": "fuhr@flagbit.de"
                },
                {
                    "name": "Vinai Kopp",
                    "email": "vinai@netzarbeiter.com"
                }
            ],
            "description": "Composer installer for Magento modules",
            "homepage": "https://github.com/magento-hackathon/magento-composer-installer",
            "keywords": [
                "composer-installer",
                "magento"
            ],
            "support": {
                "source": "https://github.com/Cotya/magento-composer-installer/tree/3.0.7",
                "issues": "https://github.com/Cotya/magento-composer-installer/issues"
            },
            "time": "2016-08-29 20:34:08"
        },
        {
            "name": "psr/log",
            "version": "1.0.2",
            "source": {
                "type": "git",
                "url": "https://github.com/php-fig/log.git",
                "reference": "4ebe3a8bf773a19edfe0a84b6585ba3d401b724d"
            },
            "dist": {
                "type": "zip",
                "url": "https://api.github.com/repos/php-fig/log/zipball/4ebe3a8bf773a19edfe0a84b6585ba3d401b724d",
                "reference": "4ebe3a8bf773a19edfe0a84b6585ba3d401b724d",
                "shasum": ""
            },
            "require": {
                "php": ">=5.3.0"
            },
            "type": "library",
            "extra": {
                "branch-alias": {
                    "dev-master": "1.0.x-dev"
                }
            },
            "autoload": {
                "psr-4": {
                    "Psr\\Log\\": "Psr/Log/"
                }
            },
            "notification-url": "https://packagist.org/downloads/",
            "license": [
                "MIT"
            ],
            "authors": [
                {
                    "name": "PHP-FIG",
                    "homepage": "http://www.php-fig.org/"
                }
            ],
            "description": "Common interface for logging libraries",
            "homepage": "https://github.com/php-fig/log",
            "keywords": [
                "log",
                "psr",
                "psr-3"
            ],
            "time": "2016-10-10 12:19:37"
        },
        {
            "name": "riconeitzel/german-localepack-de-de",
            "version": "1.9.1.0-patch1",
            "source": {
                "type": "git",
                "url": "https://github.com/riconeitzel/German_LocalePack_de_DE.git",
                "reference": "ef6a32f6e4dd0e32d4f68d51a14f9c9ee299e07c"
            },
            "dist": {
                "type": "zip",
                "url": "https://api.github.com/repos/riconeitzel/German_LocalePack_de_DE/zipball/ef6a32f6e4dd0e32d4f68d51a14f9c9ee299e07c",
                "reference": "ef6a32f6e4dd0e32d4f68d51a14f9c9ee299e07c",
                "shasum": ""
            },
            "require": {
                "magento-hackathon/magento-composer-installer": "*"
            },
            "type": "magento-module",
            "license": [
                "OSL-3.0"
            ],
            "authors": [
                {
                    "name": "Rico Neitzel"
                }
            ],
            "description": "German Community Translation",
            "support": {
                "source": "https://github.com/riconeitzel/German_LocalePack_de_DE/tree/1.9.1.0.1",
                "issues": "https://github.com/riconeitzel/German_LocalePack_de_DE/issues"
            },
            "time": "2015-02-07 10:27:11"
        },
        {
            "name": "symfony/console",
            "version": "v3.1.6",
            "source": {
                "type": "git",
                "url": "https://github.com/symfony/console.git",
                "reference": "c99da1119ae61e15de0e4829196b9fba6f73d065"
            },
            "dist": {
                "type": "zip",
                "url": "https://api.github.com/repos/symfony/console/zipball/c99da1119ae61e15de0e4829196b9fba6f73d065",
                "reference": "c99da1119ae61e15de0e4829196b9fba6f73d065",
                "shasum": ""
            },
            "require": {
                "php": ">=5.5.9",
                "symfony/debug": "~2.8|~3.0",
                "symfony/polyfill-mbstring": "~1.0"
            },
            "require-dev": {
                "psr/log": "~1.0",
                "symfony/event-dispatcher": "~2.8|~3.0",
                "symfony/process": "~2.8|~3.0"
            },
            "suggest": {
                "psr/log": "For using the console logger",
                "symfony/event-dispatcher": "",
                "symfony/process": ""
            },
            "type": "library",
            "extra": {
                "branch-alias": {
                    "dev-master": "3.1-dev"
                }
            },
            "autoload": {
                "psr-4": {
                    "Symfony\\Component\\Console\\": ""
                },
                "exclude-from-classmap": [
                    "/Tests/"
                ]
            },
            "notification-url": "https://packagist.org/downloads/",
            "license": [
                "MIT"
            ],
            "authors": [
                {
                    "name": "Fabien Potencier",
                    "email": "fabien@symfony.com"
                },
                {
                    "name": "Symfony Community",
                    "homepage": "https://symfony.com/contributors"
                }
            ],
            "description": "Symfony Console Component",
            "homepage": "https://symfony.com",
            "time": "2016-10-06 01:44:51"
        },
        {
            "name": "symfony/debug",
            "version": "v3.1.6",
            "source": {
                "type": "git",
                "url": "https://github.com/symfony/debug.git",
                "reference": "e2b3f74a67fc928adc3c1b9027f73e1bc01190a8"
            },
            "dist": {
                "type": "zip",
                "url": "https://api.github.com/repos/symfony/debug/zipball/e2b3f74a67fc928adc3c1b9027f73e1bc01190a8",
                "reference": "e2b3f74a67fc928adc3c1b9027f73e1bc01190a8",
                "shasum": ""
            },
            "require": {
                "php": ">=5.5.9",
                "psr/log": "~1.0"
            },
            "conflict": {
                "symfony/http-kernel": ">=2.3,<2.3.24|~2.4.0|>=2.5,<2.5.9|>=2.6,<2.6.2"
            },
            "require-dev": {
                "symfony/class-loader": "~2.8|~3.0",
                "symfony/http-kernel": "~2.8|~3.0"
            },
            "type": "library",
            "extra": {
                "branch-alias": {
                    "dev-master": "3.1-dev"
                }
            },
            "autoload": {
                "psr-4": {
                    "Symfony\\Component\\Debug\\": ""
                },
                "exclude-from-classmap": [
                    "/Tests/"
                ]
            },
            "notification-url": "https://packagist.org/downloads/",
            "license": [
                "MIT"
            ],
            "authors": [
                {
                    "name": "Fabien Potencier",
                    "email": "fabien@symfony.com"
                },
                {
                    "name": "Symfony Community",
                    "homepage": "https://symfony.com/contributors"
                }
            ],
            "description": "Symfony Debug Component",
            "homepage": "https://symfony.com",
            "time": "2016-09-06 11:02:40"
        },
        {
            "name": "symfony/polyfill-mbstring",
            "version": "v1.3.0",
            "source": {
                "type": "git",
                "url": "https://github.com/symfony/polyfill-mbstring.git",
                "reference": "e79d363049d1c2128f133a2667e4f4190904f7f4"
            },
            "dist": {
                "type": "zip",
                "url": "https://api.github.com/repos/symfony/polyfill-mbstring/zipball/e79d363049d1c2128f133a2667e4f4190904f7f4",
                "reference": "e79d363049d1c2128f133a2667e4f4190904f7f4",
                "shasum": ""
            },
            "require": {
                "php": ">=5.3.3"
            },
            "suggest": {
                "ext-mbstring": "For best performance"
            },
            "type": "library",
            "extra": {
                "branch-alias": {
                    "dev-master": "1.3-dev"
                }
            },
            "autoload": {
                "psr-4": {
                    "Symfony\\Polyfill\\Mbstring\\": ""
                },
                "files": [
                    "bootstrap.php"
                ]
            },
            "notification-url": "https://packagist.org/downloads/",
            "license": [
                "MIT"
            ],
            "authors": [
                {
                    "name": "Nicolas Grekas",
                    "email": "p@tchwork.com"
                },
                {
                    "name": "Symfony Community",
                    "homepage": "https://symfony.com/contributors"
                }
            ],
            "description": "Symfony polyfill for the Mbstring extension",
            "homepage": "https://symfony.com",
            "keywords": [
                "compatibility",
                "mbstring",
                "polyfill",
                "portable",
                "shim"
            ],
            "time": "2016-11-14 01:06:16"
        }
    ],
    "packages-dev": [],
    "aliases": [],
    "minimum-stability": "stable",
    "stability-flags": [],
    "prefer-stable": false,
    "prefer-lowest": false,
    "platform": [],
    "platform-dev": []
}
